
Microsoft Visual Studio Solution File, Format Version 12.00
# Visual Studio Version 16
VisualStudioVersion = 16.0.29926.136
MinimumVisualStudioVersion = 10.0.40219.1
Project("{FAE04EC0-301F-11D3-BF4B-00C04F79EFBC}") = "WebApiChat", "WebApiChat\WebApiChat.csproj", "{A003D03B-1873-4FB3-9609-D47DD652ED7E}"
EndProject
Project("{FAE04EC0-301F-11D3-BF4B-00C04F79EFBC}") = "MVCApp", "MVCApp\MVCApp.csproj", "{2B1EE6EE-E285-4DB4-867A-45B23841AB0E}"
EndProject
Global
	GlobalSection(SolutionConfigurationPlatforms) = preSolution
		Debug|Any CPU = Debug|Any CPU
		Release|Any CPU = Release|Any CPU
	EndGlobalSection
	GlobalSection(ProjectConfigurationPlatforms) = postSolution
		{A003D03B-1873-4FB3-9609-D47DD652ED7E}.Debug|Any CPU.ActiveCfg = Debug|Any CPU
		{A003D03B-1873-4FB3-9609-D47DD652ED7E}.Debug|Any CPU.Build.0 = Debug|Any CPU
		{A003D03B-1873-4FB3-9609-D47DD652ED7E}.Release|Any CPU.ActiveCfg = Release|Any CPU
		{A003D03B-1873-4FB3-9609-D47DD652ED7E}.Release|Any CPU.Build.0 = Release|Any CPU
		{2B1EE6EE-E285-4DB4-867A-45B23841AB0E}.Debug|Any CPU.ActiveCfg = Debug|Any CPU
		{2B1EE6EE-E285-4DB4-867A-45B23841AB0E}.Debug|Any CPU.Build.0 = Debug|Any CPU
		{2B1EE6EE-E285-4DB4-867A-45B23841AB0E}.Release|Any CPU.ActiveCfg = Release|Any CPU
		{2B1EE6EE-E285-4DB4-867A-45B23841AB0E}.Release|Any CPU.Build.0 = Release|Any CPU
	EndGlobalSection
	GlobalSection(SolutionProperties) = preSolution
		HideSolutionNode = FALSE
	EndGlobalSection
	GlobalSection(ExtensibilityGlobals) = postSolution
		SolutionGuid = {01B22992-5FAB-4D3B-8B11-CEC614541B22}
	EndGlobalSection
EndGlobal
