
Microsoft Visual Studio Solution File, Format Version 12.00
# Visual Studio Version 16
VisualStudioVersion = 16.0.29920.165
MinimumVisualStudioVersion = 10.0.40219.1
Project("{FAE04EC0-301F-11D3-BF4B-00C04F79EFBC}") = "bai04", "bai04\bai04.csproj", "{E79672BE-20AC-43C5-8896-4ACFE1E4AC9C}"
EndProject
Global
	GlobalSection(SolutionConfigurationPlatforms) = preSolution
		Debug|Any CPU = Debug|Any CPU
		Release|Any CPU = Release|Any CPU
	EndGlobalSection
	GlobalSection(ProjectConfigurationPlatforms) = postSolution
		{E79672BE-20AC-43C5-8896-4ACFE1E4AC9C}.Debug|Any CPU.ActiveCfg = Debug|Any CPU
		{E79672BE-20AC-43C5-8896-4ACFE1E4AC9C}.Debug|Any CPU.Build.0 = Debug|Any CPU
		{E79672BE-20AC-43C5-8896-4ACFE1E4AC9C}.Release|Any CPU.ActiveCfg = Release|Any CPU
		{E79672BE-20AC-43C5-8896-4ACFE1E4AC9C}.Release|Any CPU.Build.0 = Release|Any CPU
	EndGlobalSection
	GlobalSection(SolutionProperties) = preSolution
		HideSolutionNode = FALSE
	EndGlobalSection
	GlobalSection(ExtensibilityGlobals) = postSolution
		SolutionGuid = {C6A98D69-91A0-4628-A572-7E1664AAE8D4}
	EndGlobalSection
EndGlobal
