
Microsoft Visual Studio Solution File, Format Version 12.00
# Visual Studio Version 16
VisualStudioVersion = 16.0.29905.134
MinimumVisualStudioVersion = 10.0.40219.1
Project("{FAE04EC0-301F-11D3-BF4B-00C04F79EFBC}") = "bai01", "bai01\bai01.csproj", "{09FCF6F4-8592-436B-9045-4E4588FC1A94}"
EndProject
Project("{FAE04EC0-301F-11D3-BF4B-00C04F79EFBC}") = "ConsoleApp1", "ConsoleApp1\ConsoleApp1.csproj", "{663197EA-9BFC-4140-A340-E2CA7392E8DC}"
EndProject
Global
	GlobalSection(SolutionConfigurationPlatforms) = preSolution
		Debug|Any CPU = Debug|Any CPU
		Release|Any CPU = Release|Any CPU
	EndGlobalSection
	GlobalSection(ProjectConfigurationPlatforms) = postSolution
		{09FCF6F4-8592-436B-9045-4E4588FC1A94}.Debug|Any CPU.ActiveCfg = Debug|Any CPU
		{09FCF6F4-8592-436B-9045-4E4588FC1A94}.Debug|Any CPU.Build.0 = Debug|Any CPU
		{09FCF6F4-8592-436B-9045-4E4588FC1A94}.Release|Any CPU.ActiveCfg = Release|Any CPU
		{09FCF6F4-8592-436B-9045-4E4588FC1A94}.Release|Any CPU.Build.0 = Release|Any CPU
		{663197EA-9BFC-4140-A340-E2CA7392E8DC}.Debug|Any CPU.ActiveCfg = Debug|Any CPU
		{663197EA-9BFC-4140-A340-E2CA7392E8DC}.Debug|Any CPU.Build.0 = Debug|Any CPU
		{663197EA-9BFC-4140-A340-E2CA7392E8DC}.Release|Any CPU.ActiveCfg = Release|Any CPU
		{663197EA-9BFC-4140-A340-E2CA7392E8DC}.Release|Any CPU.Build.0 = Release|Any CPU
	EndGlobalSection
	GlobalSection(SolutionProperties) = preSolution
		HideSolutionNode = FALSE
	EndGlobalSection
	GlobalSection(ExtensibilityGlobals) = postSolution
		SolutionGuid = {EA160915-7982-4EFB-8D62-79C22D2CDB97}
	EndGlobalSection
EndGlobal
